// !$*UTF8*$!
{
	archiveVersion = 1;
	classes = {
	};
	objectVersion = 50;
	objects = {

/* Begin PBXBuildFile section */
		012D35C12555387D00BAFA98 /* HomeScreenViewController.swift in Sources */ = {isa = PBXBuildFile; fileRef = 012D35C02555387D00BAFA98 /* HomeScreenViewController.swift */; };
		0174675D2583539F009930DC /* P3ViewController.swift in Sources */ = {isa = PBXBuildFile; fileRef = 0174675C2583539F009930DC /* P3ViewController.swift */; };
		0174676225835541009930DC /* art.scnassets in Resources */ = {isa = PBXBuildFile; fileRef = 0174676125835541009930DC /* art.scnassets */; };
		202DD60A2562C06B00FB868C /* 01.usdz in Resources */ = {isa = PBXBuildFile; fileRef = 202DD6092562C06B00FB868C /* 01.usdz */; };
		202DD60B2562C06B00FB868C /* 01.usdz in Resources */ = {isa = PBXBuildFile; fileRef = 202DD6092562C06B00FB868C /* 01.usdz */; };
		202DD60C2562C06B00FB868C /* 01.usdz in Resources */ = {isa = PBXBuildFile; fileRef = 202DD6092562C06B00FB868C /* 01.usdz */; };
		20A756CE25861AF1003F3961 /* MyScene.rcproject in Sources */ = {isa = PBXBuildFile; fileRef = 20A756CD25861AF1003F3961 /* MyScene.rcproject */; };
		20F33959253CF2B2004DF063 /* AppDelegate.swift in Sources */ = {isa = PBXBuildFile; fileRef = 20F33958253CF2B2004DF063 /* AppDelegate.swift */; };
		20F3395B253CF2B2004DF063 /* ViewController.swift in Sources */ = {isa = PBXBuildFile; fileRef = 20F3395A253CF2B2004DF063 /* ViewController.swift */; };
		20F33960253CF2B2004DF063 /* Main.storyboard in Resources */ = {isa = PBXBuildFile; fileRef = 20F3395E253CF2B2004DF063 /* Main.storyboard */; };
		20F33962253CF2B3004DF063 /* Assets.xcassets in Resources */ = {isa = PBXBuildFile; fileRef = 20F33961253CF2B3004DF063 /* Assets.xcassets */; };
		20F33965253CF2B3004DF063 /* LaunchScreen.storyboard in Resources */ = {isa = PBXBuildFile; fileRef = 20F33963253CF2B3004DF063 /* LaunchScreen.storyboard */; };
		20F33970253CF2B3004DF063 /* nucleARTests.swift in Sources */ = {isa = PBXBuildFile; fileRef = 20F3396F253CF2B3004DF063 /* nucleARTests.swift */; };
		20F3397B253CF2B3004DF063 /* nucleARUITests.swift in Sources */ = {isa = PBXBuildFile; fileRef = 20F3397A253CF2B3004DF063 /* nucleARUITests.swift */; };
		B09169F8258784CC001AFA24 /* DefeatVC.swift in Sources */ = {isa = PBXBuildFile; fileRef = B09169F7258784CC001AFA24 /* DefeatVC.swift */; };
/* End PBXBuildFile section */

/* Begin PBXContainerItemProxy section */
		20F3396C253CF2B3004DF063 /* PBXContainerItemProxy */ = {
			isa = PBXContainerItemProxy;
			containerPortal = 20F3394D253CF2B2004DF063 /* Project object */;
			proxyType = 1;
			remoteGlobalIDString = 20F33954253CF2B2004DF063;
			remoteInfo = nucleAR;
		};
		20F33977253CF2B3004DF063 /* PBXContainerItemProxy */ = {
			isa = PBXContainerItemProxy;
			containerPortal = 20F3394D253CF2B2004DF063 /* Project object */;
			proxyType = 1;
			remoteGlobalIDString = 20F33954253CF2B2004DF063;
			remoteInfo = nucleAR;
		};
/* End PBXContainerItemProxy section */

/* Begin PBXFileReference section */
		012D35C02555387D00BAFA98 /* HomeScreenViewController.swift */ = {isa = PBXFileReference; lastKnownFileType = sourcecode.swift; path = HomeScreenViewController.swift; sourceTree = "<group>"; };
		0174675C2583539F009930DC /* P3ViewController.swift */ = {isa = PBXFileReference; lastKnownFileType = sourcecode.swift; path = P3ViewController.swift; sourceTree = "<group>"; };
		0174676125835541009930DC /* art.scnassets */ = {isa = PBXFileReference; lastKnownFileType = wrapper.scnassets; path = art.scnassets; sourceTree = "<group>"; };
		202DD6092562C06B00FB868C /* 01.usdz */ = {isa = PBXFileReference; lastKnownFileType = file.usdz; path = 01.usdz; sourceTree = "<group>"; };
		20A756CD25861AF1003F3961 /* MyScene.rcproject */ = {isa = PBXFileReference; lastKnownFileType = file.rcproject; path = MyScene.rcproject; sourceTree = "<group>"; };
		20F33955253CF2B2004DF063 /* nucleAR.app */ = {isa = PBXFileReference; explicitFileType = wrapper.application; includeInIndex = 0; path = nucleAR.app; sourceTree = BUILT_PRODUCTS_DIR; };
		20F33958253CF2B2004DF063 /* AppDelegate.swift */ = {isa = PBXFileReference; lastKnownFileType = sourcecode.swift; path = AppDelegate.swift; sourceTree = "<group>"; };
		20F3395A253CF2B2004DF063 /* ViewController.swift */ = {isa = PBXFileReference; lastKnownFileType = sourcecode.swift; path = ViewController.swift; sourceTree = "<group>"; };
		20F3395F253CF2B2004DF063 /* Base */ = {isa = PBXFileReference; lastKnownFileType = file.storyboard; name = Base; path = Base.lproj/Main.storyboard; sourceTree = "<group>"; };
		20F33961253CF2B3004DF063 /* Assets.xcassets */ = {isa = PBXFileReference; lastKnownFileType = folder.assetcatalog; path = Assets.xcassets; sourceTree = "<group>"; };
		20F33964253CF2B3004DF063 /* Base */ = {isa = PBXFileReference; lastKnownFileType = file.storyboard; name = Base; path = Base.lproj/LaunchScreen.storyboard; sourceTree = "<group>"; };
		20F33966253CF2B3004DF063 /* Info.plist */ = {isa = PBXFileReference; lastKnownFileType = text.plist.xml; path = Info.plist; sourceTree = "<group>"; };
		20F3396B253CF2B3004DF063 /* nucleARTests.xctest */ = {isa = PBXFileReference; explicitFileType = wrapper.cfbundle; includeInIndex = 0; path = nucleARTests.xctest; sourceTree = BUILT_PRODUCTS_DIR; };
		20F3396F253CF2B3004DF063 /* nucleARTests.swift */ = {isa = PBXFileReference; lastKnownFileType = sourcecode.swift; path = nucleARTests.swift; sourceTree = "<group>"; };
		20F33971253CF2B3004DF063 /* Info.plist */ = {isa = PBXFileReference; lastKnownFileType = text.plist.xml; path = Info.plist; sourceTree = "<group>"; };
		20F33976253CF2B3004DF063 /* nucleARUITests.xctest */ = {isa = PBXFileReference; explicitFileType = wrapper.cfbundle; includeInIndex = 0; path = nucleARUITests.xctest; sourceTree = BUILT_PRODUCTS_DIR; };
		20F3397A253CF2B3004DF063 /* nucleARUITests.swift */ = {isa = PBXFileReference; lastKnownFileType = sourcecode.swift; path = nucleARUITests.swift; sourceTree = "<group>"; };
		20F3397C253CF2B3004DF063 /* Info.plist */ = {isa = PBXFileReference; lastKnownFileType = text.plist.xml; path = Info.plist; sourceTree = "<group>"; };
		B09169F7258784CC001AFA24 /* DefeatVC.swift */ = {isa = PBXFileReference; lastKnownFileType = sourcecode.swift; path = DefeatVC.swift; sourceTree = "<group>"; };
/* End PBXFileReference section */

/* Begin PBXFrameworksBuildPhase section */
		20F33952253CF2B2004DF063 /* Frameworks */ = {
			isa = PBXFrameworksBuildPhase;
			buildActionMask = 2147483647;
			files = (
			);
			runOnlyForDeploymentPostprocessing = 0;
		};
		20F33968253CF2B3004DF063 /* Frameworks */ = {
			isa = PBXFrameworksBuildPhase;
			buildActionMask = 2147483647;
			files = (
			);
			runOnlyForDeploymentPostprocessing = 0;
		};
		20F33973253CF2B3004DF063 /* Frameworks */ = {
			isa = PBXFrameworksBuildPhase;
			buildActionMask = 2147483647;
			files = (
			);
			runOnlyForDeploymentPostprocessing = 0;
		};
/* End PBXFrameworksBuildPhase section */

/* Begin PBXGroup section */
		202DD6692562D6F100FB868C /* Models */ = {
			isa = PBXGroup;
			children = (
				202DD6092562C06B00FB868C /* 01.usdz */,
			);
			path = Models;
			sourceTree = "<group>";
		};
		20F3394C253CF2B2004DF063 = {
			isa = PBXGroup;
			children = (
				20F33957253CF2B2004DF063 /* nucleAR */,
				20F3396E253CF2B3004DF063 /* nucleARTests */,
				20F33979253CF2B3004DF063 /* nucleARUITests */,
				20F33956253CF2B2004DF063 /* Products */,
			);
			sourceTree = "<group>";
		};
		20F33956253CF2B2004DF063 /* Products */ = {
			isa = PBXGroup;
			children = (
				20F33955253CF2B2004DF063 /* nucleAR.app */,
				20F3396B253CF2B3004DF063 /* nucleARTests.xctest */,
				20F33976253CF2B3004DF063 /* nucleARUITests.xctest */,
			);
			name = Products;
			sourceTree = "<group>";
		};
		20F33957253CF2B2004DF063 /* nucleAR */ = {
			isa = PBXGroup;
			children = (
				202DD6692562D6F100FB868C /* Models */,
				20F33961253CF2B3004DF063 /* Assets.xcassets */,
				20F33958253CF2B2004DF063 /* AppDelegate.swift */,
				20F3395A253CF2B2004DF063 /* ViewController.swift */,
				012D35C02555387D00BAFA98 /* HomeScreenViewController.swift */,
				20F33963253CF2B3004DF063 /* LaunchScreen.storyboard */,
				20F3395E253CF2B2004DF063 /* Main.storyboard */,
				20F33966253CF2B3004DF063 /* Info.plist */,
				0174675C2583539F009930DC /* P3ViewController.swift */,
				0174676125835541009930DC /* art.scnassets */,
				20A756CD25861AF1003F3961 /* MyScene.rcproject */,
				B09169F7258784CC001AFA24 /* DefeatVC.swift */,
			);
			path = nucleAR;
			sourceTree = "<group>";
		};
		20F3396E253CF2B3004DF063 /* nucleARTests */ = {
			isa = PBXGroup;
			children = (
				20F3396F253CF2B3004DF063 /* nucleARTests.swift */,
				20F33971253CF2B3004DF063 /* Info.plist */,
			);
			path = nucleARTests;
			sourceTree = "<group>";
		};
		20F33979253CF2B3004DF063 /* nucleARUITests */ = {
			isa = PBXGroup;
			children = (
				20F3397A253CF2B3004DF063 /* nucleARUITests.swift */,
				20F3397C253CF2B3004DF063 /* Info.plist */,
			);
			path = nucleARUITests;
			sourceTree = "<group>";
		};
/* End PBXGroup section */

/* Begin PBXNativeTarget section */
		20F33954253CF2B2004DF063 /* nucleAR */ = {
			isa = PBXNativeTarget;
			buildConfigurationList = 20F3397F253CF2B3004DF063 /* Build configuration list for PBXNativeTarget "nucleAR" */;
			buildPhases = (
				20F33951253CF2B2004DF063 /* Sources */,
				20F33952253CF2B2004DF063 /* Frameworks */,
				20F33953253CF2B2004DF063 /* Resources */,
			);
			buildRules = (
			);
			dependencies = (
			);
			name = nucleAR;
			productName = nucleAR;
			productReference = 20F33955253CF2B2004DF063 /* nucleAR.app */;
			productType = "com.apple.product-type.application";
		};
		20F3396A253CF2B3004DF063 /* nucleARTests */ = {
			isa = PBXNativeTarget;
			buildConfigurationList = 20F33982253CF2B3004DF063 /* Build configuration list for PBXNativeTarget "nucleARTests" */;
			buildPhases = (
				20F33967253CF2B3004DF063 /* Sources */,
				20F33968253CF2B3004DF063 /* Frameworks */,
				20F33969253CF2B3004DF063 /* Resources */,
			);
			buildRules = (
			);
			dependencies = (
				20F3396D253CF2B3004DF063 /* PBXTargetDependency */,
			);
			name = nucleARTests;
			productName = nucleARTests;
			productReference = 20F3396B253CF2B3004DF063 /* nucleARTests.xctest */;
			productType = "com.apple.product-type.bundle.unit-test";
		};
		20F33975253CF2B3004DF063 /* nucleARUITests */ = {
			isa = PBXNativeTarget;
			buildConfigurationList = 20F33985253CF2B3004DF063 /* Build configuration list for PBXNativeTarget "nucleARUITests" */;
			buildPhases = (
				20F33972253CF2B3004DF063 /* Sources */,
				20F33973253CF2B3004DF063 /* Frameworks */,
				20F33974253CF2B3004DF063 /* Resources */,
			);
			buildRules = (
			);
			dependencies = (
				20F33978253CF2B3004DF063 /* PBXTargetDependency */,
			);
			name = nucleARUITests;
			productName = nucleARUITests;
			productReference = 20F33976253CF2B3004DF063 /* nucleARUITests.xctest */;
			productType = "com.apple.product-type.bundle.ui-testing";
		};
/* End PBXNativeTarget section */

/* Begin PBXProject section */
		20F3394D253CF2B2004DF063 /* Project object */ = {
			isa = PBXProject;
			attributes = {
				LastSwiftUpdateCheck = 1200;
				LastUpgradeCheck = 1200;
				TargetAttributes = {
					20F33954253CF2B2004DF063 = {
						CreatedOnToolsVersion = 12.0.1;
					};
					20F3396A253CF2B3004DF063 = {
						CreatedOnToolsVersion = 12.0.1;
						TestTargetID = 20F33954253CF2B2004DF063;
					};
					20F33975253CF2B3004DF063 = {
						CreatedOnToolsVersion = 12.0.1;
						TestTargetID = 20F33954253CF2B2004DF063;
					};
				};
			};
			buildConfigurationList = 20F33950253CF2B2004DF063 /* Build configuration list for PBXProject "nucleAR" */;
			compatibilityVersion = "Xcode 9.3";
			developmentRegion = en;
			hasScannedForEncodings = 0;
			knownRegions = (
				en,
				Base,
			);
			mainGroup = 20F3394C253CF2B2004DF063;
			productRefGroup = 20F33956253CF2B2004DF063 /* Products */;
			projectDirPath = "";
			projectRoot = "";
			targets = (
				20F33954253CF2B2004DF063 /* nucleAR */,
				20F3396A253CF2B3004DF063 /* nucleARTests */,
				20F33975253CF2B3004DF063 /* nucleARUITests */,
			);
		};
/* End PBXProject section */

/* Begin PBXResourcesBuildPhase section */
		20F33953253CF2B2004DF063 /* Resources */ = {
			isa = PBXResourcesBuildPhase;
			buildActionMask = 2147483647;
			files = (
				0174676225835541009930DC /* art.scnassets in Resources */,
				202DD60A2562C06B00FB868C /* 01.usdz in Resources */,
				20F33965253CF2B3004DF063 /* LaunchScreen.storyboard in Resources */,
				20F33962253CF2B3004DF063 /* Assets.xcassets in Resources */,
				20F33960253CF2B2004DF063 /* Main.storyboard in Resources */,
			);
			runOnlyForDeploymentPostprocessing = 0;
		};
		20F33969253CF2B3004DF063 /* Resources */ = {
			isa = PBXResourcesBuildPhase;
			buildActionMask = 2147483647;
			files = (
				202DD60B2562C06B00FB868C /* 01.usdz in Resources */,
			);
			runOnlyForDeploymentPostprocessing = 0;
		};
		20F33974253CF2B3004DF063 /* Resources */ = {
			isa = PBXResourcesBuildPhase;
			buildActionMask = 2147483647;
			files = (
				202DD60C2562C06B00FB868C /* 01.usdz in Resources */,
			);
			runOnlyForDeploymentPostprocessing = 0;
		};
/* End PBXResourcesBuildPhase section */

/* Begin PBXSourcesBuildPhase section */
		20F33951253CF2B2004DF063 /* Sources */ = {
			isa = PBXSourcesBuildPhase;
			buildActionMask = 2147483647;
			files = (
				20F3395B253CF2B2004DF063 /* ViewController.swift in Sources */,
				0174675D2583539F009930DC /* P3ViewController.swift in Sources */,
				20A756CE25861AF1003F3961 /* MyScene.rcproject in Sources */,
				B09169F8258784CC001AFA24 /* DefeatVC.swift in Sources */,
				012D35C12555387D00BAFA98 /* HomeScreenViewController.swift in Sources */,
				20F33959253CF2B2004DF063 /* AppDelegate.swift in Sources */,
			);
			runOnlyForDeploymentPostprocessing = 0;
		};
		20F33967253CF2B3004DF063 /* Sources */ = {
			isa = PBXSourcesBuildPhase;
			buildActionMask = 2147483647;
			files = (
				20F33970253CF2B3004DF063 /* nucleARTests.swift in Sources */,
			);
			runOnlyForDeploymentPostprocessing = 0;
		};
		20F33972253CF2B3004DF063 /* Sources */ = {
			isa = PBXSourcesBuildPhase;
			buildActionMask = 2147483647;
			files = (
				20F3397B253CF2B3004DF063 /* nucleARUITests.swift in Sources */,
			);
			runOnlyForDeploymentPostprocessing = 0;
		};
/* End PBXSourcesBuildPhase section */

/* Begin PBXTargetDependency section */
		20F3396D253CF2B3004DF063 /* PBXTargetDependency */ = {
			isa = PBXTargetDependency;
			target = 20F33954253CF2B2004DF063 /* nucleAR */;
			targetProxy = 20F3396C253CF2B3004DF063 /* PBXContainerItemProxy */;
		};
		20F33978253CF2B3004DF063 /* PBXTargetDependency */ = {
			isa = PBXTargetDependency;
			target = 20F33954253CF2B2004DF063 /* nucleAR */;
			targetProxy = 20F33977253CF2B3004DF063 /* PBXContainerItemProxy */;
		};
/* End PBXTargetDependency section */

/* Begin PBXVariantGroup section */
		20F3395E253CF2B2004DF063 /* Main.storyboard */ = {
			isa = PBXVariantGroup;
			children = (
				20F3395F253CF2B2004DF063 /* Base */,
			);
			name = Main.storyboard;
			sourceTree = "<group>";
		};
		20F33963253CF2B3004DF063 /* LaunchScreen.storyboard */ = {
			isa = PBXVariantGroup;
			children = (
				20F33964253CF2B3004DF063 /* Base */,
			);
			name = LaunchScreen.storyboard;
			sourceTree = "<group>";
		};
/* End PBXVariantGroup section */

/* Begin XCBuildConfiguration section */
		20F3397D253CF2B3004DF063 /* Debug */ = {
			isa = XCBuildConfiguration;
			buildSettings = {
				ALWAYS_SEARCH_USER_PATHS = NO;
				CLANG_ANALYZER_NONNULL = YES;
				CLANG_ANALYZER_NUMBER_OBJECT_CONVERSION = YES_AGGRESSIVE;
				CLANG_CXX_LANGUAGE_STANDARD = "gnu++14";
				CLANG_CXX_LIBRARY = "libc++";
				CLANG_ENABLE_MODULES = YES;
				CLANG_ENABLE_OBJC_ARC = YES;
				CLANG_ENABLE_OBJC_WEAK = YES;
				CLANG_WARN_BLOCK_CAPTURE_AUTORELEASING = YES;
				CLANG_WARN_BOOL_CONVERSION = YES;
				CLANG_WARN_COMMA = YES;
				CLANG_WARN_CONSTANT_CONVERSION = YES;
				CLANG_WARN_DEPRECATED_OBJC_IMPLEMENTATIONS = YES;
				CLANG_WARN_DIRECT_OBJC_ISA_USAGE = YES_ERROR;
				CLANG_WARN_DOCUMENTATION_COMMENTS = YES;
				CLANG_WARN_EMPTY_BODY = YES;
				CLANG_WARN_ENUM_CONVERSION = YES;
				CLANG_WARN_INFINITE_RECURSION = YES;
				CLANG_WARN_INT_CONVERSION = YES;
				CLANG_WARN_NON_LITERAL_NULL_CONVERSION = YES;
				CLANG_WARN_OBJC_IMPLICIT_RETAIN_SELF = YES;
				CLANG_WARN_OBJC_LITERAL_CONVERSION = YES;
				CLANG_WARN_OBJC_ROOT_CLASS = YES_ERROR;
				CLANG_WARN_QUOTED_INCLUDE_IN_FRAMEWORK_HEADER = YES;
				CLANG_WARN_RANGE_LOOP_ANALYSIS = YES;
				CLANG_WARN_STRICT_PROTOTYPES = YES;
				CLANG_WARN_SUSPICIOUS_MOVE = YES;
				CLANG_WARN_UNGUARDED_AVAILABILITY = YES_AGGRESSIVE;
				CLANG_WARN_UNREACHABLE_CODE = YES;
				CLANG_WARN__DUPLICATE_METHOD_MATCH = YES;
				COPY_PHASE_STRIP = NO;
				DEBUG_INFORMATION_FORMAT = dwarf;
				ENABLE_STRICT_OBJC_MSGSEND = YES;
				ENABLE_TESTABILITY = YES;
				GCC_C_LANGUAGE_STANDARD = gnu11;
				GCC_DYNAMIC_NO_PIC = NO;
				GCC_NO_COMMON_BLOCKS = YES;
				GCC_OPTIMIZATION_LEVEL = 0;
				GCC_PREPROCESSOR_DEFINITIONS = (
					"DEBUG=1",
					"$(inherited)",
				);
				GCC_WARN_64_TO_32_BIT_CONVERSION = YES;
				GCC_WARN_ABOUT_RETURN_TYPE = YES_ERROR;
				GCC_WARN_UNDECLARED_SELECTOR = YES;
				GCC_WARN_UNINITIALIZED_AUTOS = YES_AGGRESSIVE;
				GCC_WARN_UNUSED_FUNCTION = YES;
				GCC_WARN_UNUSED_VARIABLE = YES;
				IPHONEOS_DEPLOYMENT_TARGET = 14.0;
				MTL_ENABLE_DEBUG_INFO = INCLUDE_SOURCE;
				MTL_FAST_MATH = YES;
				ONLY_ACTIVE_ARCH = YES;
				SDKROOT = iphoneos;
				SWIFT_ACTIVE_COMPILATION_CONDITIONS = DEBUG;
				SWIFT_OPTIMIZATION_LEVEL = "-Onone";
			};
			name = Debug;
		};
		20F3397E253CF2B3004DF063 /* Release */ = {
			isa = XCBuildConfiguration;
			buildSettings = {
				ALWAYS_SEARCH_USER_PATHS = NO;
				CLANG_ANALYZER_NONNULL = YES;
				CLANG_ANALYZER_NUMBER_OBJECT_CONVERSION = YES_AGGRESSIVE;
				CLANG_CXX_LANGUAGE_STANDARD = "gnu++14";
				CLANG_CXX_LIBRARY = "libc++";
				CLANG_ENABLE_MODULES = YES;
				CLANG_ENABLE_OBJC_ARC = YES;
				CLANG_ENABLE_OBJC_WEAK = YES;
				CLANG_WARN_BLOCK_CAPTURE_AUTORELEASING = YES;
				CLANG_WARN_BOOL_CONVERSION = YES;
				CLANG_WARN_COMMA = YES;
				CLANG_WARN_CONSTANT_CONVERSION = YES;
				CLANG_WARN_DEPRECATED_OBJC_IMPLEMENTATIONS = YES;
				CLANG_WARN_DIRECT_OBJC_ISA_USAGE = YES_ERROR;
				CLANG_WARN_DOCUMENTATION_COMMENTS = YES;
				CLANG_WARN_EMPTY_BODY = YES;
				CLANG_WARN_ENUM_CONVERSION = YES;
				CLANG_WARN_INFINITE_RECURSION = YES;
				CLANG_WARN_INT_CONVERSION = YES;
				CLANG_WARN_NON_LITERAL_NULL_CONVERSION = YES;
				CLANG_WARN_OBJC_IMPLICIT_RETAIN_SELF = YES;
				CLANG_WARN_OBJC_LITERAL_CONVERSION = YES;
				CLANG_WARN_OBJC_ROOT_CLASS = YES_ERROR;
				CLANG_WARN_QUOTED_INCLUDE_IN_FRAMEWORK_HEADER = YES;
				CLANG_WARN_RANGE_LOOP_ANALYSIS = YES;
				CLANG_WARN_STRICT_PROTOTYPES = YES;
				CLANG_WARN_SUSPICIOUS_MOVE = YES;
				CLANG_WARN_UNGUARDED_AVAILABILITY = YES_AGGRESSIVE;
				CLANG_WARN_UNREACHABLE_CODE = YES;
				CLANG_WARN__DUPLICATE_METHOD_MATCH = YES;
				COPY_PHASE_STRIP = NO;
				DEBUG_INFORMATION_FORMAT = "dwarf-with-dsym";
				ENABLE_NS_ASSERTIONS = NO;
				ENABLE_STRICT_OBJC_MSGSEND = YES;
				GCC_C_LANGUAGE_STANDARD = gnu11;
				GCC_NO_COMMON_BLOCKS = YES;
				GCC_WARN_64_TO_32_BIT_CONVERSION = YES;
				GCC_WARN_ABOUT_RETURN_TYPE = YES_ERROR;
				GCC_WARN_UNDECLARED_SELECTOR = YES;
				GCC_WARN_UNINITIALIZED_AUTOS = YES_AGGRESSIVE;
				GCC_WARN_UNUSED_FUNCTION = YES;
				GCC_WARN_UNUSED_VARIABLE = YES;
				IPHONEOS_DEPLOYMENT_TARGET = 14.0;
				MTL_ENABLE_DEBUG_INFO = NO;
				MTL_FAST_MATH = YES;
				SDKROOT = iphoneos;
				SWIFT_COMPILATION_MODE = wholemodule;
				SWIFT_OPTIMIZATION_LEVEL = "-O";
				VALIDATE_PRODUCT = YES;
			};
			name = Release;
		};
		20F33980253CF2B3004DF063 /* Debug */ = {
			isa = XCBuildConfiguration;
			buildSettings = {
				ASSETCATALOG_COMPILER_APPICON_NAME = AppIcon;
				ASSETCATALOG_COMPILER_GLOBAL_ACCENT_COLOR_NAME = AccentColor;
				CODE_SIGN_STYLE = Automatic;
				DEVELOPMENT_TEAM = LQMWUYV47K;
				INFOPLIST_FILE = nucleAR/Info.plist;
				LD_RUNPATH_SEARCH_PATHS = (
					"$(inherited)",
					"@executable_path/Frameworks",
				);
				PRODUCT_BUNDLE_IDENTIFIER = jguev;
				PRODUCT_NAME = "$(TARGET_NAME)";
				SWIFT_VERSION = 5.0;
				TARGETED_DEVICE_FAMILY = 1;
			};
			name = Debug;
		};
		20F33981253CF2B3004DF063 /* Release */ = {
			isa = XCBuildConfiguration;
			buildSettings = {
				ASSETCATALOG_COMPILER_APPICON_NAME = AppIcon;
				ASSETCATALOG_COMPILER_GLOBAL_ACCENT_COLOR_NAME = AccentColor;
				CODE_SIGN_IDENTITY = "Apple Development";
				CODE_SIGN_STYLE = Automatic;
				DEVELOPMENT_TEAM = LQMWUYV47K;
				INFOPLIST_FILE = nucleAR/Info.plist;
				LD_RUNPATH_SEARCH_PATHS = (
					"$(inherited)",
					"@executable_path/Frameworks",
				);
				PRODUCT_BUNDLE_IDENTIFIER = jguev;
				PRODUCT_NAME = "$(TARGET_NAME)";
				PROVISIONING_PROFILE_SPECIFIER = "";
				SWIFT_VERSION = 5.0;
				TARGETED_DEVICE_FAMILY = 1;
			};
			name = Release;
		};
		20F33983253CF2B3004DF063 /* Debug */ = {
			isa = XCBuildConfiguration;
			buildSettings = {
				ALWAYS_EMBED_SWIFT_STANDARD_LIBRARIES = YES;
				BUNDLE_LOADER = "$(TEST_HOST)";
				CODE_SIGN_STYLE = Automatic;
				DEVELOPMENT_TEAM = LQMWUYV47K;
				INFOPLIST_FILE = nucleARTests/Info.plist;
				IPHONEOS_DEPLOYMENT_TARGET = 14.0;
				LD_RUNPATH_SEARCH_PATHS = (
					"$(inherited)",
					"@executable_path/Frameworks",
					"@loader_path/Frameworks",
				);
				PRODUCT_BUNDLE_IDENTIFIER = jguev.nucleARTests;
				PRODUCT_NAME = "$(TARGET_NAME)";
				SWIFT_VERSION = 5.0;
				TARGETED_DEVICE_FAMILY = "1,2";
				TEST_HOST = "$(BUILT_PRODUCTS_DIR)/nucleAR.app/nucleAR";
			};
			name = Debug;
		};
		20F33984253CF2B3004DF063 /* Release */ = {
			isa = XCBuildConfiguration;
			buildSettings = {
				ALWAYS_EMBED_SWIFT_STANDARD_LIBRARIES = YES;
				BUNDLE_LOADER = "$(TEST_HOST)";
				CODE_SIGN_STYLE = Automatic;
				DEVELOPMENT_TEAM = LQMWUYV47K;
				INFOPLIST_FILE = nucleARTests/Info.plist;
				IPHONEOS_DEPLOYMENT_TARGET = 14.0;
				LD_RUNPATH_SEARCH_PATHS = (
					"$(inherited)",
					"@executable_path/Frameworks",
					"@loader_path/Frameworks",
				);
				PRODUCT_BUNDLE_IDENTIFIER = jguev.nucleARTests;
				PRODUCT_NAME = "$(TARGET_NAME)";
				SWIFT_VERSION = 5.0;
				TARGETED_DEVICE_FAMILY = "1,2";
				TEST_HOST = "$(BUILT_PRODUCTS_DIR)/nucleAR.app/nucleAR";
			};
			name = Release;
		};
		20F33986253CF2B3004DF063 /* Debug */ = {
			isa = XCBuildConfiguration;
			buildSettings = {
				ALWAYS_EMBED_SWIFT_STANDARD_LIBRARIES = YES;
				CODE_SIGN_STYLE = Automatic;
				DEVELOPMENT_TEAM = LQMWUYV47K;
				INFOPLIST_FILE = nucleARUITests/Info.plist;
				LD_RUNPATH_SEARCH_PATHS = (
					"$(inherited)",
					"@executable_path/Frameworks",
					"@loader_path/Frameworks",
				);
				PRODUCT_BUNDLE_IDENTIFIER = jguev.nucleARUITests;
				PRODUCT_NAME = "$(TARGET_NAME)";
				SWIFT_VERSION = 5.0;
				TARGETED_DEVICE_FAMILY = "1,2";
				TEST_TARGET_NAME = nucleAR;
			};
			name = Debug;
		};
		20F33987253CF2B3004DF063 /* Release */ = {
			isa = XCBuildConfiguration;
			buildSettings = {
				ALWAYS_EMBED_SWIFT_STANDARD_LIBRARIES = YES;
				CODE_SIGN_STYLE = Automatic;
				DEVELOPMENT_TEAM = LQMWUYV47K;
				INFOPLIST_FILE = nucleARUITests/Info.plist;
				LD_RUNPATH_SEARCH_PATHS = (
					"$(inherited)",
					"@executable_path/Frameworks",
					"@loader_path/Frameworks",
				);
				PRODUCT_BUNDLE_IDENTIFIER = jguev.nucleARUITests;
				PRODUCT_NAME = "$(TARGET_NAME)";
				SWIFT_VERSION = 5.0;
				TARGETED_DEVICE_FAMILY = "1,2";
				TEST_TARGET_NAME = nucleAR;
			};
			name = Release;
		};
/* End XCBuildConfiguration section */

/* Begin XCConfigurationList section */
		20F33950253CF2B2004DF063 /* Build configuration list for PBXProject "nucleAR" */ = {
			isa = XCConfigurationList;
			buildConfigurations = (
				20F3397D253CF2B3004DF063 /* Debug */,
				20F3397E253CF2B3004DF063 /* Release */,
			);
			defaultConfigurationIsVisible = 0;
			defaultConfigurationName = Release;
		};
		20F3397F253CF2B3004DF063 /* Build configuration list for PBXNativeTarget "nucleAR" */ = {
			isa = XCConfigurationList;
			buildConfigurations = (
				20F33980253CF2B3004DF063 /* Debug */,
				20F33981253CF2B3004DF063 /* Release */,
			);
			defaultConfigurationIsVisible = 0;
			defaultConfigurationName = Release;
		};
		20F33982253CF2B3004DF063 /* Build configuration list for PBXNativeTarget "nucleARTests" */ = {
			isa = XCConfigurationList;
			buildConfigurations = (
				20F33983253CF2B3004DF063 /* Debug */,
				20F33984253CF2B3004DF063 /* Release */,
			);
			defaultConfigurationIsVisible = 0;
			defaultConfigurationName = Release;
		};
		20F33985253CF2B3004DF063 /* Build configuration list for PBXNativeTarget "nucleARUITests" */ = {
			isa = XCConfigurationList;
			buildConfigurations = (
				20F33986253CF2B3004DF063 /* Debug */,
				20F33987253CF2B3004DF063 /* Release */,
			);
			defaultConfigurationIsVisible = 0;
			defaultConfigurationName = Release;
		};
/* End XCConfigurationList section */
	};
	rootObject = 20F3394D253CF2B2004DF063 /* Project object */;
}
